Microsoft Visual Studio Solution File, Format Version 11.00
# Visual Studio 2008

Project("{A5647DF5-4FFF-D844-AF76-91FF2A1395ED}") = "AvionBomb", "Assembly-CSharp.csproj", "{64C1FA42-0F16-05FF-34FD-4B3BD466AD4B}"
EndProject
Global
	GlobalSection(SolutionConfigurationPlatforms) = preSolution
		Debug|Any CPU = Debug|Any CPU
		Release|Any CPU = Release|Any CPU
	EndGlobalSection
	GlobalSection(ProjectConfigurationPlatforms) = postSolution
		{64C1FA42-0F16-05FF-34FD-4B3BD466AD4B}.Debug|Any CPU.ActiveCfg = Debug|Any CPU
		{64C1FA42-0F16-05FF-34FD-4B3BD466AD4B}.Debug|Any CPU.Build.0 = Debug|Any CPU
		{64C1FA42-0F16-05FF-34FD-4B3BD466AD4B}.Release|Any CPU.ActiveCfg = Release|Any CPU
		{64C1FA42-0F16-05FF-34FD-4B3BD466AD4B}.Release|Any CPU.Build.0 = Release|Any CPU
	EndGlobalSection
	GlobalSection(SolutionProperties) = preSolution
		HideSolutionNode = FALSE
	EndGlobalSection
	GlobalSection(MonoDevelopProperties) = preSolution
		StartupItem = Assembly-CSharp.csproj
	EndGlobalSection
EndGlobal
